
Microsoft Visual Studio Solution File, Format Version 12.00
# Visual Studio Version 16
VisualStudioVersion = 16.0.31205.134
MinimumVisualStudioVersion = 10.0.40219.1
Project("{FAE04EC0-301F-11D3-BF4B-00C04F79EFBC}") = "RotateObject", "RotateObject\RotateObject.csproj", "{38CA1106-F220-43BB-A699-CB3664719C22}"
EndProject
Global
	GlobalSection(SolutionConfigurationPlatforms) = preSolution
		Debug|Any CPU = Debug|Any CPU
		Release|Any CPU = Release|Any CPU
	EndGlobalSection
	GlobalSection(ProjectConfigurationPlatforms) = postSolution
		{38CA1106-F220-43BB-A699-CB3664719C22}.Debug|Any CPU.ActiveCfg = Debug|Any CPU
		{38CA1106-F220-43BB-A699-CB3664719C22}.Debug|Any CPU.Build.0 = Debug|Any CPU
		{38CA1106-F220-43BB-A699-CB3664719C22}.Release|Any CPU.ActiveCfg = Release|Any CPU
		{38CA1106-F220-43BB-A699-CB3664719C22}.Release|Any CPU.Build.0 = Release|Any CPU
	EndGlobalSection
	GlobalSection(SolutionProperties) = preSolution
		HideSolutionNode = FALSE
	EndGlobalSection
	GlobalSection(ExtensibilityGlobals) = postSolution
		SolutionGuid = {AC294CE6-5733-4791-BB17-2C6AE1354605}
	EndGlobalSection
EndGlobal
